{
  "version": 4,
  "terraform_version": "0.12.24",
  "serial": 87,
  "lineage": "8e779472-2908-3712-ab72-d556bc47d426",
  "outputs": {
    "test": {
      "value": "nameserver 127.0.0.1\r\nnameserver 1.2.1.2\r\nnameserver 192.168.0.1\r\nnameserver 172.16.0.1\r\n",
      "type": "string"
    }
  },
  "resources": [
    {
      "mode": "data",
      "type": "local_file",
      "name": "myfile",
      "provider": "provider.local",
      "instances": [
        {
          "schema_version": 0,
          "attributes": {
            "content": "nameserver 1.1.1.1\r\nnameserver 2.2.2.2\r\nnameserver 172.16.0.1\r\n",
            "content_base64": "bmFtZXNlcnZlciAxLjEuMS4xDQpuYW1lc2VydmVyIDIuMi4yLjINCm5hbWVzZXJ2ZXIgMTcyLjE2LjAuMQ0K",
            "filename": "./test_output.json",
            "id": "7d35c77a5992f814cbd6b81796d1c88ddf77b7dc"
          }
        }
      ]
    },
    {
      "mode": "managed",
      "type": "local_file",
      "name": "ip_list",
      "provider": "provider.local",
      "instances": [
        {
          "schema_version": 0,
          "attributes": {
            "content": "[server-type]\r\n1.1.1.1\r\n2.2.2.3\r\n172.16.0.1\r\n\r\n",
            "content_base64": null,
            "directory_permission": "0777",
            "file_permission": "0777",
            "filename": "playbook",
            "id": "91425845e65cb184913133bf2a0e7623c4b782c8",
            "sensitive_content": null
          },
          "private": "bnVsbA=="
        }
      ]
    },
    {
      "mode": "managed",
      "type": "local_file",
      "name": "nameserverfiles",
      "provider": "provider.local",
      "instances": [
        {
          "schema_version": 0,
          "attributes": {
            "content": "nameserver 1.1.1.1\r\nnameserver 2.2.2.3\r\nnameserver 172.16.0.1\r\n",
            "content_base64": null,
            "directory_permission": "0777",
            "file_permission": "0777",
            "filename": "test_output.json",
            "id": "f23074be56776876b7be527027d165db2e67731e",
            "sensitive_content": null
          },
          "private": "bnVsbA=="
        }
      ]
    },
    {
      "mode": "managed",
      "type": "null_resource",
      "name": "refresh_nameservers",
      "provider": "provider.null",
      "instances": [
        {
          "schema_version": 0,
          "attributes": {
            "id": "1480009911020594585",
            "triggers": {
              "myfilecontent": "nameserver 1.1.1.1\r\nnameserver 2.2.2.3\r\nnameserver 172.16.0.1\r\n"
            }
          },
          "private": "bnVsbA==",
          "dependencies": [
            "local_file.nameserverfiles"
          ]
        }
      ]
    }
  ]
}
